
Microsoft Visual Studio Solution File, Format Version 12.00
# Visual Studio Version 16
VisualStudioVersion = 16.0.810.13
MinimumVisualStudioVersion = 10.0.40219.1
Project("{FAE04EC0-301F-11D3-BF4B-00C04F79EFBC}") = "Merchandise01", "Merchandise01\Merchandise01.csproj", "{FBFCA0C8-6B6D-459F-907C-49BC2653B496}"
EndProject
Global
	GlobalSection(SolutionConfigurationPlatforms) = preSolution
		Debug|Any CPU = Debug|Any CPU
		Release|Any CPU = Release|Any CPU
	EndGlobalSection
	GlobalSection(ProjectConfigurationPlatforms) = postSolution
		{FBFCA0C8-6B6D-459F-907C-49BC2653B496}.Debug|Any CPU.ActiveCfg = Debug|Any CPU
		{FBFCA0C8-6B6D-459F-907C-49BC2653B496}.Debug|Any CPU.Build.0 = Debug|Any CPU
		{FBFCA0C8-6B6D-459F-907C-49BC2653B496}.Release|Any CPU.ActiveCfg = Release|Any CPU
		{FBFCA0C8-6B6D-459F-907C-49BC2653B496}.Release|Any CPU.Build.0 = Release|Any CPU
	EndGlobalSection
	GlobalSection(SolutionProperties) = preSolution
		HideSolutionNode = FALSE
	EndGlobalSection
	GlobalSection(ExtensibilityGlobals) = postSolution
		SolutionGuid = {885A2D4E-E3EF-4FE9-A51A-94BAB44C4D73}
	EndGlobalSection
EndGlobal
